// !$*UTF8*$!
{
	archiveVersion = 1;
	classes = {
	};
	objectVersion = 46;
	objects = {

/* Begin PBXBuildFile section */
		5000BD571ABE148200389D02 /* main.m in Sources */ = {isa = PBXBuildFile; fileRef = 5000BD561ABE148200389D02 /* main.m */; };
		5000BD5A1ABE148200389D02 /* AppDelegate.m in Sources */ = {isa = PBXBuildFile; fileRef = 5000BD591ABE148200389D02 /* AppDelegate.m */; };
		5000BD5D1ABE148200389D02 /* NewBreakout.xcdatamodeld in Sources */ = {isa = PBXBuildFile; fileRef = 5000BD5B1ABE148200389D02 /* NewBreakout.xcdatamodeld */; };
		5000BD601ABE148200389D02 /* ViewController.m in Sources */ = {isa = PBXBuildFile; fileRef = 5000BD5F1ABE148200389D02 /* ViewController.m */; };
		5000BD631ABE148200389D02 /* Main.storyboard in Resources */ = {isa = PBXBuildFile; fileRef = 5000BD611ABE148200389D02 /* Main.storyboard */; };
		5000BD651ABE148200389D02 /* Images.xcassets in Resources */ = {isa = PBXBuildFile; fileRef = 5000BD641ABE148200389D02 /* Images.xcassets */; };
		5000BD681ABE148200389D02 /* LaunchScreen.xib in Resources */ = {isa = PBXBuildFile; fileRef = 5000BD661ABE148200389D02 /* LaunchScreen.xib */; };
		5000BD741ABE148200389D02 /* NewBreakoutTests.m in Sources */ = {isa = PBXBuildFile; fileRef = 5000BD731ABE148200389D02 /* NewBreakoutTests.m */; };
		5000BD7F1ABE14C000389D02 /* PaddleView.m in Sources */ = {isa = PBXBuildFile; fileRef = 5000BD7E1ABE14C000389D02 /* PaddleView.m */; };
		5000BD821ABE355200389D02 /* BallView.m in Sources */ = {isa = PBXBuildFile; fileRef = 5000BD811ABE355200389D02 /* BallView.m */; };
/* End PBXBuildFile section */

/* Begin PBXContainerItemProxy section */
		5000BD6E1ABE148200389D02 /* PBXContainerItemProxy */ = {
			isa = PBXContainerItemProxy;
			containerPortal = 5000BD491ABE148100389D02 /* Project object */;
			proxyType = 1;
			remoteGlobalIDString = 5000BD501ABE148200389D02;
			remoteInfo = NewBreakout;
		};
/* End PBXContainerItemProxy section */

/* Begin PBXFileReference section */
		5000BD511ABE148200389D02 /* NewBreakout.app */ = {isa = PBXFileReference; explicitFileType = wrapper.application; includeInIndex = 0; path = NewBreakout.app; sourceTree = BUILT_PRODUCTS_DIR; };
		5000BD551ABE148200389D02 /* Info.plist */ = {isa = PBXFileReference; lastKnownFileType = text.plist.xml; path = Info.plist; sourceTree = "<group>"; };
		5000BD561ABE148200389D02 /* main.m */ = {isa = PBXFileReference; lastKnownFileType = sourcecode.c.objc; path = main.m; sourceTree = "<group>"; };
		5000BD581ABE148200389D02 /* AppDelegate.h */ = {isa = PBXFileReference; lastKnownFileType = sourcecode.c.h; path = AppDelegate.h; sourceTree = "<group>"; };
		5000BD591ABE148200389D02 /* AppDelegate.m */ = {isa = PBXFileReference; lastKnownFileType = sourcecode.c.objc; path = AppDelegate.m; sourceTree = "<group>"; };
		5000BD5C1ABE148200389D02 /* NewBreakout.xcdatamodel */ = {isa = PBXFileReference; lastKnownFileType = wrapper.xcdatamodel; path = NewBreakout.xcdatamodel; sourceTree = "<group>"; };
		5000BD5E1ABE148200389D02 /* ViewController.h */ = {isa = PBXFileReference; lastKnownFileType = sourcecode.c.h; path = ViewController.h; sourceTree = "<group>"; };
		5000BD5F1ABE148200389D02 /* ViewController.m */ = {isa = PBXFileReference; lastKnownFileType = sourcecode.c.objc; path = ViewController.m; sourceTree = "<group>"; };
		5000BD621ABE148200389D02 /* Base */ = {isa = PBXFileReference; lastKnownFileType = file.storyboard; name = Base; path = Base.lproj/Main.storyboard; sourceTree = "<group>"; };
		5000BD641ABE148200389D02 /* Images.xcassets */ = {isa = PBXFileReference; lastKnownFileType = folder.assetcatalog; path = Images.xcassets; sourceTree = "<group>"; };
		5000BD671ABE148200389D02 /* Base */ = {isa = PBXFileReference; lastKnownFileType = file.xib; name = Base; path = Base.lproj/LaunchScreen.xib; sourceTree = "<group>"; };
		5000BD6D1ABE148200389D02 /* NewBreakoutTests.xctest */ = {isa = PBXFileReference; explicitFileType = wrapper.cfbundle; includeInIndex = 0; path = NewBreakoutTests.xctest; sourceTree = BUILT_PRODUCTS_DIR; };
		5000BD721ABE148200389D02 /* Info.plist */ = {isa = PBXFileReference; lastKnownFileType = text.plist.xml; path = Info.plist; sourceTree = "<group>"; };
		5000BD731ABE148200389D02 /* NewBreakoutTests.m */ = {isa = PBXFileReference; lastKnownFileType = sourcecode.c.objc; path = NewBreakoutTests.m; sourceTree = "<group>"; };
		5000BD7D1ABE14C000389D02 /* PaddleView.h */ = {isa = PBXFileReference; fileEncoding = 4; lastKnownFileType = sourcecode.c.h; path = PaddleView.h; sourceTree = "<group>"; };
		5000BD7E1ABE14C000389D02 /* PaddleView.m */ = {isa = PBXFileReference; fileEncoding = 4; lastKnownFileType = sourcecode.c.objc; path = PaddleView.m; sourceTree = "<group>"; };
		5000BD801ABE355200389D02 /* BallView.h */ = {isa = PBXFileReference; fileEncoding = 4; lastKnownFileType = sourcecode.c.h; path = BallView.h; sourceTree = "<group>"; };
		5000BD811ABE355200389D02 /* BallView.m */ = {isa = PBXFileReference; fileEncoding = 4; lastKnownFileType = sourcecode.c.objc; path = BallView.m; sourceTree = "<group>"; };
/* End PBXFileReference section */

/* Begin PBXFrameworksBuildPhase section */
		5000BD4E1ABE148200389D02 /* Frameworks */ = {
			isa = PBXFrameworksBuildPhase;
			buildActionMask = 2147483647;
			files = (
			);
			runOnlyForDeploymentPostprocessing = 0;
		};
		5000BD6A1ABE148200389D02 /* Frameworks */ = {
			isa = PBXFrameworksBuildPhase;
			buildActionMask = 2147483647;
			files = (
			);
			runOnlyForDeploymentPostprocessing = 0;
		};
/* End PBXFrameworksBuildPhase section */

/* Begin PBXGroup section */
		5000BD481ABE148100389D02 = {
			isa = PBXGroup;
			children = (
				5000BD531ABE148200389D02 /* NewBreakout */,
				5000BD701ABE148200389D02 /* NewBreakoutTests */,
				5000BD521ABE148200389D02 /* Products */,
			);
			sourceTree = "<group>";
		};
		5000BD521ABE148200389D02 /* Products */ = {
			isa = PBXGroup;
			children = (
				5000BD511ABE148200389D02 /* NewBreakout.app */,
				5000BD6D1ABE148200389D02 /* NewBreakoutTests.xctest */,
			);
			name = Products;
			sourceTree = "<group>";
		};
		5000BD531ABE148200389D02 /* NewBreakout */ = {
			isa = PBXGroup;
			children = (
				5000BD581ABE148200389D02 /* AppDelegate.h */,
				5000BD591ABE148200389D02 /* AppDelegate.m */,
				5000BD5E1ABE148200389D02 /* ViewController.h */,
				5000BD5F1ABE148200389D02 /* ViewController.m */,
				5000BD611ABE148200389D02 /* Main.storyboard */,
				5000BD801ABE355200389D02 /* BallView.h */,
				5000BD811ABE355200389D02 /* BallView.m */,
				5000BD7D1ABE14C000389D02 /* PaddleView.h */,
				5000BD7E1ABE14C000389D02 /* PaddleView.m */,
				5000BD641ABE148200389D02 /* Images.xcassets */,
				5000BD661ABE148200389D02 /* LaunchScreen.xib */,
				5000BD5B1ABE148200389D02 /* NewBreakout.xcdatamodeld */,
				5000BD541ABE148200389D02 /* Supporting Files */,
			);
			path = NewBreakout;
			sourceTree = "<group>";
		};
		5000BD541ABE148200389D02 /* Supporting Files */ = {
			isa = PBXGroup;
			children = (
				5000BD551ABE148200389D02 /* Info.plist */,
				5000BD561ABE148200389D02 /* main.m */,
			);
			name = "Supporting Files";
			sourceTree = "<group>";
		};
		5000BD701ABE148200389D02 /* NewBreakoutTests */ = {
			isa = PBXGroup;
			children = (
				5000BD731ABE148200389D02 /* NewBreakoutTests.m */,
				5000BD711ABE148200389D02 /* Supporting Files */,
			);
			path = NewBreakoutTests;
			sourceTree = "<group>";
		};
		5000BD711ABE148200389D02 /* Supporting Files */ = {
			isa = PBXGroup;
			children = (
				5000BD721ABE148200389D02 /* Info.plist */,
			);
			name = "Supporting Files";
			sourceTree = "<group>";
		};
/* End PBXGroup section */

/* Begin PBXNativeTarget section */
		5000BD501ABE148200389D02 /* NewBreakout */ = {
			isa = PBXNativeTarget;
			buildConfigurationList = 5000BD771ABE148200389D02 /* Build configuration list for PBXNativeTarget "NewBreakout" */;
			buildPhases = (
				5000BD4D1ABE148200389D02 /* Sources */,
				5000BD4E1ABE148200389D02 /* Frameworks */,
				5000BD4F1ABE148200389D02 /* Resources */,
			);
			buildRules = (
			);
			dependencies = (
			);
			name = NewBreakout;
			productName = NewBreakout;
			productReference = 5000BD511ABE148200389D02 /* NewBreakout.app */;
			productType = "com.apple.product-type.application";
		};
		5000BD6C1ABE148200389D02 /* NewBreakoutTests */ = {
			isa = PBXNativeTarget;
			buildConfigurationList = 5000BD7A1ABE148200389D02 /* Build configuration list for PBXNativeTarget "NewBreakoutTests" */;
			buildPhases = (
				5000BD691ABE148200389D02 /* Sources */,
				5000BD6A1ABE148200389D02 /* Frameworks */,
				5000BD6B1ABE148200389D02 /* Resources */,
			);
			buildRules = (
			);
			dependencies = (
				5000BD6F1ABE148200389D02 /* PBXTargetDependency */,
			);
			name = NewBreakoutTests;
			productName = NewBreakoutTests;
			productReference = 5000BD6D1ABE148200389D02 /* NewBreakoutTests.xctest */;
			productType = "com.apple.product-type.bundle.unit-test";
		};
/* End PBXNativeTarget section */

/* Begin PBXProject section */
		5000BD491ABE148100389D02 /* Project object */ = {
			isa = PBXProject;
			attributes = {
				LastUpgradeCheck = 0620;
				ORGANIZATIONNAME = "Albert Saucedo";
				TargetAttributes = {
					5000BD501ABE148200389D02 = {
						CreatedOnToolsVersion = 6.2;
					};
					5000BD6C1ABE148200389D02 = {
						CreatedOnToolsVersion = 6.2;
						TestTargetID = 5000BD501ABE148200389D02;
					};
				};
			};
			buildConfigurationList = 5000BD4C1ABE148200389D02 /* Build configuration list for PBXProject "NewBreakout" */;
			compatibilityVersion = "Xcode 3.2";
			developmentRegion = English;
			hasScannedForEncodings = 0;
			knownRegions = (
				en,
				Base,
			);
			mainGroup = 5000BD481ABE148100389D02;
			productRefGroup = 5000BD521ABE148200389D02 /* Products */;
			projectDirPath = "";
			projectRoot = "";
			targets = (
				5000BD501ABE148200389D02 /* NewBreakout */,
				5000BD6C1ABE148200389D02 /* NewBreakoutTests */,
			);
		};
/* End PBXProject section */

/* Begin PBXResourcesBuildPhase section */
		5000BD4F1ABE148200389D02 /* Resources */ = {
			isa = PBXResourcesBuildPhase;
			buildActionMask = 2147483647;
			files = (
				5000BD631ABE148200389D02 /* Main.storyboard in Resources */,
				5000BD681ABE148200389D02 /* LaunchScreen.xib in Resources */,
				5000BD651ABE148200389D02 /* Images.xcassets in Resources */,
			);
			runOnlyForDeploymentPostprocessing = 0;
		};
		5000BD6B1ABE148200389D02 /* Resources */ = {
			isa = PBXResourcesBuildPhase;
			buildActionMask = 2147483647;
			files = (
			);
			runOnlyForDeploymentPostprocessing = 0;
		};
/* End PBXResourcesBuildPhase section */

/* Begin PBXSourcesBuildPhase section */
		5000BD4D1ABE148200389D02 /* Sources */ = {
			isa = PBXSourcesBuildPhase;
			buildActionMask = 2147483647;
			files = (
				5000BD5A1ABE148200389D02 /* AppDelegate.m in Sources */,
				5000BD5D1ABE148200389D02 /* NewBreakout.xcdatamodeld in Sources */,
				5000BD601ABE148200389D02 /* ViewController.m in Sources */,
				5000BD7F1ABE14C000389D02 /* PaddleView.m in Sources */,
				5000BD571ABE148200389D02 /* main.m in Sources */,
				5000BD821ABE355200389D02 /* BallView.m in Sources */,
			);
			runOnlyForDeploymentPostprocessing = 0;
		};
		5000BD691ABE148200389D02 /* Sources */ = {
			isa = PBXSourcesBuildPhase;
			buildActionMask = 2147483647;
			files = (
				5000BD741ABE148200389D02 /* NewBreakoutTests.m in Sources */,
			);
			runOnlyForDeploymentPostprocessing = 0;
		};
/* End PBXSourcesBuildPhase section */

/* Begin PBXTargetDependency section */
		5000BD6F1ABE148200389D02 /* PBXTargetDependency */ = {
			isa = PBXTargetDependency;
			target = 5000BD501ABE148200389D02 /* NewBreakout */;
			targetProxy = 5000BD6E1ABE148200389D02 /* PBXContainerItemProxy */;
		};
/* End PBXTargetDependency section */

/* Begin PBXVariantGroup section */
		5000BD611ABE148200389D02 /* Main.storyboard */ = {
			isa = PBXVariantGroup;
			children = (
				5000BD621ABE148200389D02 /* Base */,
			);
			name = Main.storyboard;
			sourceTree = "<group>";
		};
		5000BD661ABE148200389D02 /* LaunchScreen.xib */ = {
			isa = PBXVariantGroup;
			children = (
				5000BD671ABE148200389D02 /* Base */,
			);
			name = LaunchScreen.xib;
			sourceTree = "<group>";
		};
/* End PBXVariantGroup section */

/* Begin XCBuildConfiguration section */
		5000BD751ABE148200389D02 /* Debug */ = {
			isa = XCBuildConfiguration;
			buildSettings = {
				ALWAYS_SEARCH_USER_PATHS = NO;
				CLANG_CXX_LANGUAGE_STANDARD = "gnu++0x";
				CLANG_CXX_LIBRARY = "libc++";
				CLANG_ENABLE_MODULES = YES;
				CLANG_ENABLE_OBJC_ARC = YES;
				CLANG_WARN_BOOL_CONVERSION = YES;
				CLANG_WARN_CONSTANT_CONVERSION = YES;
				CLANG_WARN_DIRECT_OBJC_ISA_USAGE = YES_ERROR;
				CLANG_WARN_EMPTY_BODY = YES;
				CLANG_WARN_ENUM_CONVERSION = YES;
				CLANG_WARN_INT_CONVERSION = YES;
				CLANG_WARN_OBJC_ROOT_CLASS = YES_ERROR;
				CLANG_WARN_UNREACHABLE_CODE = YES;
				CLANG_WARN__DUPLICATE_METHOD_MATCH = YES;
				"CODE_SIGN_IDENTITY[sdk=iphoneos*]" = "iPhone Developer";
				COPY_PHASE_STRIP = NO;
				ENABLE_STRICT_OBJC_MSGSEND = YES;
				GCC_C_LANGUAGE_STANDARD = gnu99;
				GCC_DYNAMIC_NO_PIC = NO;
				GCC_OPTIMIZATION_LEVEL = 0;
				GCC_PREPROCESSOR_DEFINITIONS = (
					"DEBUG=1",
					"$(inherited)",
				);
				GCC_SYMBOLS_PRIVATE_EXTERN = NO;
				GCC_WARN_64_TO_32_BIT_CONVERSION = YES;
				GCC_WARN_ABOUT_RETURN_TYPE = YES_ERROR;
				GCC_WARN_UNDECLARED_SELECTOR = YES;
				GCC_WARN_UNINITIALIZED_AUTOS = YES_AGGRESSIVE;
				GCC_WARN_UNUSED_FUNCTION = YES;
				GCC_WARN_UNUSED_VARIABLE = YES;
				IPHONEOS_DEPLOYMENT_TARGET = 8.2;
				MTL_ENABLE_DEBUG_INFO = YES;
				ONLY_ACTIVE_ARCH = YES;
				SDKROOT = iphoneos;
			};
			name = Debug;
		};
		5000BD761ABE148200389D02 /* Release */ = {
			isa = XCBuildConfiguration;
			buildSettings = {
				ALWAYS_SEARCH_USER_PATHS = NO;
				CLANG_CXX_LANGUAGE_STANDARD = "gnu++0x";
				CLANG_CXX_LIBRARY = "libc++";
				CLANG_ENABLE_MODULES = YES;
				CLANG_ENABLE_OBJC_ARC = YES;
				CLANG_WARN_BOOL_CONVERSION = YES;
				CLANG_WARN_CONSTANT_CONVERSION = YES;
				CLANG_WARN_DIRECT_OBJC_ISA_USAGE = YES_ERROR;
				CLANG_WARN_EMPTY_BODY = YES;
				CLANG_WARN_ENUM_CONVERSION = YES;
				CLANG_WARN_INT_CONVERSION = YES;
				CLANG_WARN_OBJC_ROOT_CLASS = YES_ERROR;
				CLANG_WARN_UNREACHABLE_CODE = YES;
				CLANG_WARN__DUPLICATE_METHOD_MATCH = YES;
				"CODE_SIGN_IDENTITY[sdk=iphoneos*]" = "iPhone Developer";
				COPY_PHASE_STRIP = NO;
				ENABLE_NS_ASSERTIONS = NO;
				ENABLE_STRICT_OBJC_MSGSEND = YES;
				GCC_C_LANGUAGE_STANDARD = gnu99;
				GCC_WARN_64_TO_32_BIT_CONVERSION = YES;
				GCC_WARN_ABOUT_RETURN_TYPE = YES_ERROR;
				GCC_WARN_UNDECLARED_SELECTOR = YES;
				GCC_WARN_UNINITIALIZED_AUTOS = YES_AGGRESSIVE;
				GCC_WARN_UNUSED_FUNCTION = YES;
				GCC_WARN_UNUSED_VARIABLE = YES;
				IPHONEOS_DEPLOYMENT_TARGET = 8.2;
				MTL_ENABLE_DEBUG_INFO = NO;
				SDKROOT = iphoneos;
				VALIDATE_PRODUCT = YES;
			};
			name = Release;
		};
		5000BD781ABE148200389D02 /* Debug */ = {
			isa = XCBuildConfiguration;
			buildSettings = {
				ASSETCATALOG_COMPILER_APPICON_NAME = AppIcon;
				INFOPLIST_FILE = NewBreakout/Info.plist;
				IPHONEOS_DEPLOYMENT_TARGET = 8.1;
				LD_RUNPATH_SEARCH_PATHS = "$(inherited) @executable_path/Frameworks";
				PRODUCT_NAME = "$(TARGET_NAME)";
			};
			name = Debug;
		};
		5000BD791ABE148200389D02 /* Release */ = {
			isa = XCBuildConfiguration;
			buildSettings = {
				ASSETCATALOG_COMPILER_APPICON_NAME = AppIcon;
				INFOPLIST_FILE = NewBreakout/Info.plist;
				IPHONEOS_DEPLOYMENT_TARGET = 8.1;
				LD_RUNPATH_SEARCH_PATHS = "$(inherited) @executable_path/Frameworks";
				PRODUCT_NAME = "$(TARGET_NAME)";
			};
			name = Release;
		};
		5000BD7B1ABE148200389D02 /* Debug */ = {
			isa = XCBuildConfiguration;
			buildSettings = {
				BUNDLE_LOADER = "$(TEST_HOST)";
				FRAMEWORK_SEARCH_PATHS = (
					"$(SDKROOT)/Developer/Library/Frameworks",
					"$(inherited)",
				);
				GCC_PREPROCESSOR_DEFINITIONS = (
					"DEBUG=1",
					"$(inherited)",
				);
				INFOPLIST_FILE = NewBreakoutTests/Info.plist;
				LD_RUNPATH_SEARCH_PATHS = "$(inherited) @executable_path/Frameworks @loader_path/Frameworks";
				PRODUCT_NAME = "$(TARGET_NAME)";
				TEST_HOST = "$(BUILT_PRODUCTS_DIR)/NewBreakout.app/NewBreakout";
			};
			name = Debug;
		};
		5000BD7C1ABE148200389D02 /* Release */ = {
			isa = XCBuildConfiguration;
			buildSettings = {
				BUNDLE_LOADER = "$(TEST_HOST)";
				FRAMEWORK_SEARCH_PATHS = (
					"$(SDKROOT)/Developer/Library/Frameworks",
					"$(inherited)",
				);
				INFOPLIST_FILE = NewBreakoutTests/Info.plist;
				LD_RUNPATH_SEARCH_PATHS = "$(inherited) @executable_path/Frameworks @loader_path/Frameworks";
				PRODUCT_NAME = "$(TARGET_NAME)";
				TEST_HOST = "$(BUILT_PRODUCTS_DIR)/NewBreakout.app/NewBreakout";
			};
			name = Release;
		};
/* End XCBuildConfiguration section */

/* Begin XCConfigurationList section */
		5000BD4C1ABE148200389D02 /* Build configuration list for PBXProject "NewBreakout" */ = {
			isa = XCConfigurationList;
			buildConfigurations = (
				5000BD751ABE148200389D02 /* Debug */,
				5000BD761ABE148200389D02 /* Release */,
			);
			defaultConfigurationIsVisible = 0;
			defaultConfigurationName = Release;
		};
		5000BD771ABE148200389D02 /* Build configuration list for PBXNativeTarget "NewBreakout" */ = {
			isa = XCConfigurationList;
			buildConfigurations = (
				5000BD781ABE148200389D02 /* Debug */,
				5000BD791ABE148200389D02 /* Release */,
			);
			defaultConfigurationIsVisible = 0;
		};
		5000BD7A1ABE148200389D02 /* Build configuration list for PBXNativeTarget "NewBreakoutTests" */ = {
			isa = XCConfigurationList;
			buildConfigurations = (
				5000BD7B1ABE148200389D02 /* Debug */,
				5000BD7C1ABE148200389D02 /* Release */,
			);
			defaultConfigurationIsVisible = 0;
		};
/* End XCConfigurationList section */

/* Begin XCVersionGroup section */
		5000BD5B1ABE148200389D02 /* NewBreakout.xcdatamodeld */ = {
			isa = XCVersionGroup;
			children = (
				5000BD5C1ABE148200389D02 /* NewBreakout.xcdatamodel */,
			);
			currentVersion = 5000BD5C1ABE148200389D02 /* NewBreakout.xcdatamodel */;
			path = NewBreakout.xcdatamodeld;
			sourceTree = "<group>";
			versionGroupType = wrapper.xcdatamodel;
		};
/* End XCVersionGroup section */
	};
	rootObject = 5000BD491ABE148100389D02 /* Project object */;
}
